{
  "name": "@novashop/db",
  "version": "1.0.0",
  "lockfileVersion": 3,
  "requires": true,
  "packages": {
    "": {
      "name": "@novashop/db",
      "version": "1.0.0",
      "dependencies": {
        "@prisma/client": "^6.1.0"
      }
    },
    "node_modules/@prisma/client": {
      "version": "6.19.3",
      "resolved": "https://registry.npmjs.org/@prisma/client/-/client-6.19.3.tgz",
      "integrity": "sha512-mKq3jQFhjvko5LTJFHGilsuQs+W+T3Gm451NzuTDGQxwCzwXHYnIu2zGkRoW+Exq3Rob7yp2MfzSrdIiZVhrBg==",
      "hasInstallScript": true,
      "license": "Apache-2.0",
      "engines": {
        "node": ">=18.18"
      },
      "peerDependencies": {
        "prisma": "*",
        "typescript": ">=5.1.0"
      },
      "peerDependenciesMeta": {
        "prisma": {
          "optional": true
        },
        "typescript": {
          "optional": true
        }
      }
    }
  }
}
